
Microsoft Visual Studio Solution File, Format Version 12.00
# Visual Studio Version 17
VisualStudioVersion = 17.0.31903.59
MinimumVisualStudioVersion = 10.0.40219.1
Project("{2150E333-8FDC-42A3-9474-1A3956D46DE8}") = "CSharpBase", "CSharpBase", "{36D591C7-65C7-A0D1-1CBC-10CDE441BDC8}"
EndProject
Project("{2150E333-8FDC-42A3-9474-1A3956D46DE8}") = "src", "src", "{CF6817F9-39C7-4419-B95B-7ACF9F75573B}"
EndProject
Project("{2150E333-8FDC-42A3-9474-1A3956D46DE8}") = "tests", "tests", "{4D0905FF-7A9E-40D2-9531-49540C1346EF}"
EndProject
Project("{2150E333-8FDC-42A3-9474-1A3956D46DE8}") = "Элементы решения", "Элементы решения", "{754FC069-D67B-A9D7-50A1-8D1CA196D8F1}"
	ProjectSection(SolutionItems) = preProject
		README.md = README.md
	EndProjectSection
EndProject
Project("{2150E333-8FDC-42A3-9474-1A3956D46DE8}") = "TS3Layers", "TS3Layers", "{EF50AC7E-3B0B-4E93-B192-DD1838CC06D5}"
	ProjectSection(SolutionItems) = preProject
		CSharpBase\src\TS3Layers\README.md = CSharpBase\src\TS3Layers\README.md
	EndProjectSection
EndProject
Project("{2150E333-8FDC-42A3-9474-1A3956D46DE8}") = "TS3Layers", "TS3Layers", "{164FAFD6-8C94-47BA-9AA1-C8E81EFD0C81}"
EndProject
Project("{2150E333-8FDC-42A3-9474-1A3956D46DE8}") = "Catalog", "Catalog", "{7B7C41E6-FC26-4DA1-A9E0-5DF309C1964B}"
	ProjectSection(SolutionItems) = preProject
		CSharpBase\src\TS3Layers\Catalog\README.md = CSharpBase\src\TS3Layers\Catalog\README.md
	EndProjectSection
EndProject
Project("{2150E333-8FDC-42A3-9474-1A3956D46DE8}") = "Catalog", "Catalog", "{DB8547BF-A7CE-4DAC-ACE0-76CCED546F57}"
EndProject
Project("{FAE04EC0-301F-11D3-BF4B-00C04F79EFBC}") = "TS3LayersConsoleApp", "CSharpBase\src\TS3Layers\TS3LayersConsoleApp\TS3LayersConsoleApp.csproj", "{78449B6D-010F-40E1-9317-E7AD13AC78A7}"
EndProject
Project("{FAE04EC0-301F-11D3-BF4B-00C04F79EFBC}") = "TS3Layers.Catalog.Core", "CSharpBase\src\TS3Layers\Catalog\TS3Layers.Catalog.Core\TS3Layers.Catalog.Core.csproj", "{43FBF8AC-B7DA-4E9B-81EB-B6A11432CE20}"
EndProject
Project("{FAE04EC0-301F-11D3-BF4B-00C04F79EFBC}") = "TS3Layers.Catalog.DataAccess", "CSharpBase\src\TS3Layers\Catalog\TS3Layers.Catalog.DataAccess\TS3Layers.Catalog.DataAccess.csproj", "{2E4D53C0-CD8B-4FB0-BB96-572A02FCFF5A}"
EndProject
Project("{FAE04EC0-301F-11D3-BF4B-00C04F79EFBC}") = "TS3Layers.Catalog.Presentation", "CSharpBase\src\TS3Layers\Catalog\TS3Layers.Catalog.Presentation\TS3Layers.Catalog.Presentation.csproj", "{1144691C-C93A-470D-8E8F-FA003114CC50}"
EndProject
Project("{FAE04EC0-301F-11D3-BF4B-00C04F79EFBC}") = "TS3Layers.Catalog.Presentation.Tests.Story", "CSharpBase\tests\TS3Layers\Catalog\TS3Layers.Catalog.Presentation.Tests.Story\TS3Layers.Catalog.Presentation.Tests.Story.csproj", "{17B46E5E-9F02-496B-B095-61BF5BD98246}"
EndProject
Project("{2150E333-8FDC-42A3-9474-1A3956D46DE8}") = "AR4Layers", "AR4Layers", "{310A3774-C716-4CE6-B2A2-3F8C432C4CF0}"
	ProjectSection(SolutionItems) = preProject
		CSharpBase\src\AR4Layers\README.md = CSharpBase\src\AR4Layers\README.md
	EndProjectSection
EndProject
Project("{2150E333-8FDC-42A3-9474-1A3956D46DE8}") = "Catalog", "Catalog", "{2CD8B8EE-745D-49A8-A523-307E013956A6}"
	ProjectSection(SolutionItems) = preProject
		CSharpBase\src\AR4Layers\Catalog\README.md = CSharpBase\src\AR4Layers\Catalog\README.md
	EndProjectSection
EndProject
Project("{2150E333-8FDC-42A3-9474-1A3956D46DE8}") = "AR4Layers", "AR4Layers", "{8A5E7C75-E7DD-4105-9C5C-87479A050FD3}"
EndProject
Project("{2150E333-8FDC-42A3-9474-1A3956D46DE8}") = "Catalog", "Catalog", "{22D36109-459E-4F93-A557-7B6FEEF3C110}"
EndProject
Project("{FAE04EC0-301F-11D3-BF4B-00C04F79EFBC}") = "AR4LayersConsoleApp", "CSharpBase\src\AR4Layers\AR4LayersConsoleApp\AR4LayersConsoleApp.csproj", "{DDE96275-2C6E-431B-ABDF-F04CBF21C08B}"
EndProject
Project("{FAE04EC0-301F-11D3-BF4B-00C04F79EFBC}") = "AR4Layers.Catalog.Core", "CSharpBase\src\AR4Layers\Catalog\AR4Layers.Catalog.Core\AR4Layers.Catalog.Core.csproj", "{84013F80-4C81-4A4A-B41D-A5B9E003B01F}"
EndProject
Project("{FAE04EC0-301F-11D3-BF4B-00C04F79EFBC}") = "AR4Layers.Catalog.DataAccess", "CSharpBase\src\AR4Layers\Catalog\AR4Layers.Catalog.DataAccess\AR4Layers.Catalog.DataAccess.csproj", "{C8292BBF-3B26-4A19-BB6E-59EE6A3B234B}"
EndProject
Project("{FAE04EC0-301F-11D3-BF4B-00C04F79EFBC}") = "AR4Layers.Catalog.Services", "CSharpBase\src\AR4Layers\Catalog\AR4Layers.Catalog.Services\AR4Layers.Catalog.Services.csproj", "{CA66D199-5CE8-4195-A72C-08553FDE7557}"
EndProject
Project("{FAE04EC0-301F-11D3-BF4B-00C04F79EFBC}") = "AR4Layers.Catalog.Presentation", "CSharpBase\src\AR4Layers\Catalog\AR4Layers.Catalog.Presentation\AR4Layers.Catalog.Presentation.csproj", "{AF07B0A6-9AEC-4005-B1DE-212277B5ABF8}"
EndProject
Project("{FAE04EC0-301F-11D3-BF4B-00C04F79EFBC}") = "AR4Layers.Catalog.Presentation.Tests.Story", "CSharpBase\tests\AR4Layers\Catalog\AR4Layers.Catalog.Presentation.Tests.Story\AR4Layers.Catalog.Presentation.Tests.Story.csproj", "{2927828A-D345-4E1F-918B-373A8DDF5C65}"
EndProject
Project("{FAE04EC0-301F-11D3-BF4B-00C04F79EFBC}") = "AR4Layers.Catalog.Services.Tests.Integration", "AR4Layers.Catalog.Services.Tests.Integration\AR4Layers.Catalog.Services.Tests.Integration.csproj", "{8DFA8D87-ED78-4CC8-BCC0-4F8D0660DE52}"
EndProject
Project("{2150E333-8FDC-42A3-9474-1A3956D46DE8}") = "DMHexagonal", "DMHexagonal", "{AC09D9E5-7092-48BC-859F-C7D28FF75E0C}"
EndProject
Project("{2150E333-8FDC-42A3-9474-1A3956D46DE8}") = "DMHexagonal", "DMHexagonal", "{0AB6B51C-462A-4F65-9712-084BEBA384C3}"
EndProject
Global
	GlobalSection(SolutionConfigurationPlatforms) = preSolution
		Debug|Any CPU = Debug|Any CPU
		Release|Any CPU = Release|Any CPU
	EndGlobalSection
	GlobalSection(ProjectConfigurationPlatforms) = postSolution
		{78449B6D-010F-40E1-9317-E7AD13AC78A7}.Debug|Any CPU.ActiveCfg = Debug|Any CPU
		{78449B6D-010F-40E1-9317-E7AD13AC78A7}.Debug|Any CPU.Build.0 = Debug|Any CPU
		{78449B6D-010F-40E1-9317-E7AD13AC78A7}.Release|Any CPU.ActiveCfg = Release|Any CPU
		{78449B6D-010F-40E1-9317-E7AD13AC78A7}.Release|Any CPU.Build.0 = Release|Any CPU
		{43FBF8AC-B7DA-4E9B-81EB-B6A11432CE20}.Debug|Any CPU.ActiveCfg = Debug|Any CPU
		{43FBF8AC-B7DA-4E9B-81EB-B6A11432CE20}.Debug|Any CPU.Build.0 = Debug|Any CPU
		{43FBF8AC-B7DA-4E9B-81EB-B6A11432CE20}.Release|Any CPU.ActiveCfg = Release|Any CPU
		{43FBF8AC-B7DA-4E9B-81EB-B6A11432CE20}.Release|Any CPU.Build.0 = Release|Any CPU
		{2E4D53C0-CD8B-4FB0-BB96-572A02FCFF5A}.Debug|Any CPU.ActiveCfg = Debug|Any CPU
		{2E4D53C0-CD8B-4FB0-BB96-572A02FCFF5A}.Debug|Any CPU.Build.0 = Debug|Any CPU
		{2E4D53C0-CD8B-4FB0-BB96-572A02FCFF5A}.Release|Any CPU.ActiveCfg = Release|Any CPU
		{2E4D53C0-CD8B-4FB0-BB96-572A02FCFF5A}.Release|Any CPU.Build.0 = Release|Any CPU
		{1144691C-C93A-470D-8E8F-FA003114CC50}.Debug|Any CPU.ActiveCfg = Debug|Any CPU
		{1144691C-C93A-470D-8E8F-FA003114CC50}.Debug|Any CPU.Build.0 = Debug|Any CPU
		{1144691C-C93A-470D-8E8F-FA003114CC50}.Release|Any CPU.ActiveCfg = Release|Any CPU
		{1144691C-C93A-470D-8E8F-FA003114CC50}.Release|Any CPU.Build.0 = Release|Any CPU
		{17B46E5E-9F02-496B-B095-61BF5BD98246}.Debug|Any CPU.ActiveCfg = Debug|Any CPU
		{17B46E5E-9F02-496B-B095-61BF5BD98246}.Debug|Any CPU.Build.0 = Debug|Any CPU
		{17B46E5E-9F02-496B-B095-61BF5BD98246}.Release|Any CPU.ActiveCfg = Release|Any CPU
		{17B46E5E-9F02-496B-B095-61BF5BD98246}.Release|Any CPU.Build.0 = Release|Any CPU
		{DDE96275-2C6E-431B-ABDF-F04CBF21C08B}.Debug|Any CPU.ActiveCfg = Debug|Any CPU
		{DDE96275-2C6E-431B-ABDF-F04CBF21C08B}.Debug|Any CPU.Build.0 = Debug|Any CPU
		{DDE96275-2C6E-431B-ABDF-F04CBF21C08B}.Release|Any CPU.ActiveCfg = Release|Any CPU
		{DDE96275-2C6E-431B-ABDF-F04CBF21C08B}.Release|Any CPU.Build.0 = Release|Any CPU
		{84013F80-4C81-4A4A-B41D-A5B9E003B01F}.Debug|Any CPU.ActiveCfg = Debug|Any CPU
		{84013F80-4C81-4A4A-B41D-A5B9E003B01F}.Debug|Any CPU.Build.0 = Debug|Any CPU
		{84013F80-4C81-4A4A-B41D-A5B9E003B01F}.Release|Any CPU.ActiveCfg = Release|Any CPU
		{84013F80-4C81-4A4A-B41D-A5B9E003B01F}.Release|Any CPU.Build.0 = Release|Any CPU
		{C8292BBF-3B26-4A19-BB6E-59EE6A3B234B}.Debug|Any CPU.ActiveCfg = Debug|Any CPU
		{C8292BBF-3B26-4A19-BB6E-59EE6A3B234B}.Debug|Any CPU.Build.0 = Debug|Any CPU
		{C8292BBF-3B26-4A19-BB6E-59EE6A3B234B}.Release|Any CPU.ActiveCfg = Release|Any CPU
		{C8292BBF-3B26-4A19-BB6E-59EE6A3B234B}.Release|Any CPU.Build.0 = Release|Any CPU
		{CA66D199-5CE8-4195-A72C-08553FDE7557}.Debug|Any CPU.ActiveCfg = Debug|Any CPU
		{CA66D199-5CE8-4195-A72C-08553FDE7557}.Debug|Any CPU.Build.0 = Debug|Any CPU
		{CA66D199-5CE8-4195-A72C-08553FDE7557}.Release|Any CPU.ActiveCfg = Release|Any CPU
		{CA66D199-5CE8-4195-A72C-08553FDE7557}.Release|Any CPU.Build.0 = Release|Any CPU
		{AF07B0A6-9AEC-4005-B1DE-212277B5ABF8}.Debug|Any CPU.ActiveCfg = Debug|Any CPU
		{AF07B0A6-9AEC-4005-B1DE-212277B5ABF8}.Debug|Any CPU.Build.0 = Debug|Any CPU
		{AF07B0A6-9AEC-4005-B1DE-212277B5ABF8}.Release|Any CPU.ActiveCfg = Release|Any CPU
		{AF07B0A6-9AEC-4005-B1DE-212277B5ABF8}.Release|Any CPU.Build.0 = Release|Any CPU
		{2927828A-D345-4E1F-918B-373A8DDF5C65}.Debug|Any CPU.ActiveCfg = Debug|Any CPU
		{2927828A-D345-4E1F-918B-373A8DDF5C65}.Debug|Any CPU.Build.0 = Debug|Any CPU
		{2927828A-D345-4E1F-918B-373A8DDF5C65}.Release|Any CPU.ActiveCfg = Release|Any CPU
		{2927828A-D345-4E1F-918B-373A8DDF5C65}.Release|Any CPU.Build.0 = Release|Any CPU
		{8DFA8D87-ED78-4CC8-BCC0-4F8D0660DE52}.Debug|Any CPU.ActiveCfg = Debug|Any CPU
		{8DFA8D87-ED78-4CC8-BCC0-4F8D0660DE52}.Debug|Any CPU.Build.0 = Debug|Any CPU
		{8DFA8D87-ED78-4CC8-BCC0-4F8D0660DE52}.Release|Any CPU.ActiveCfg = Release|Any CPU
		{8DFA8D87-ED78-4CC8-BCC0-4F8D0660DE52}.Release|Any CPU.Build.0 = Release|Any CPU
	EndGlobalSection
	GlobalSection(SolutionProperties) = preSolution
		HideSolutionNode = FALSE
	EndGlobalSection
	GlobalSection(NestedProjects) = preSolution
		{CF6817F9-39C7-4419-B95B-7ACF9F75573B} = {36D591C7-65C7-A0D1-1CBC-10CDE441BDC8}
		{4D0905FF-7A9E-40D2-9531-49540C1346EF} = {36D591C7-65C7-A0D1-1CBC-10CDE441BDC8}
		{EF50AC7E-3B0B-4E93-B192-DD1838CC06D5} = {CF6817F9-39C7-4419-B95B-7ACF9F75573B}
		{164FAFD6-8C94-47BA-9AA1-C8E81EFD0C81} = {4D0905FF-7A9E-40D2-9531-49540C1346EF}
		{7B7C41E6-FC26-4DA1-A9E0-5DF309C1964B} = {EF50AC7E-3B0B-4E93-B192-DD1838CC06D5}
		{DB8547BF-A7CE-4DAC-ACE0-76CCED546F57} = {164FAFD6-8C94-47BA-9AA1-C8E81EFD0C81}
		{78449B6D-010F-40E1-9317-E7AD13AC78A7} = {EF50AC7E-3B0B-4E93-B192-DD1838CC06D5}
		{43FBF8AC-B7DA-4E9B-81EB-B6A11432CE20} = {7B7C41E6-FC26-4DA1-A9E0-5DF309C1964B}
		{2E4D53C0-CD8B-4FB0-BB96-572A02FCFF5A} = {7B7C41E6-FC26-4DA1-A9E0-5DF309C1964B}
		{1144691C-C93A-470D-8E8F-FA003114CC50} = {7B7C41E6-FC26-4DA1-A9E0-5DF309C1964B}
		{17B46E5E-9F02-496B-B095-61BF5BD98246} = {DB8547BF-A7CE-4DAC-ACE0-76CCED546F57}
		{310A3774-C716-4CE6-B2A2-3F8C432C4CF0} = {CF6817F9-39C7-4419-B95B-7ACF9F75573B}
		{2CD8B8EE-745D-49A8-A523-307E013956A6} = {310A3774-C716-4CE6-B2A2-3F8C432C4CF0}
		{8A5E7C75-E7DD-4105-9C5C-87479A050FD3} = {4D0905FF-7A9E-40D2-9531-49540C1346EF}
		{22D36109-459E-4F93-A557-7B6FEEF3C110} = {8A5E7C75-E7DD-4105-9C5C-87479A050FD3}
		{DDE96275-2C6E-431B-ABDF-F04CBF21C08B} = {310A3774-C716-4CE6-B2A2-3F8C432C4CF0}
		{84013F80-4C81-4A4A-B41D-A5B9E003B01F} = {2CD8B8EE-745D-49A8-A523-307E013956A6}
		{C8292BBF-3B26-4A19-BB6E-59EE6A3B234B} = {2CD8B8EE-745D-49A8-A523-307E013956A6}
		{CA66D199-5CE8-4195-A72C-08553FDE7557} = {2CD8B8EE-745D-49A8-A523-307E013956A6}
		{AF07B0A6-9AEC-4005-B1DE-212277B5ABF8} = {2CD8B8EE-745D-49A8-A523-307E013956A6}
		{2927828A-D345-4E1F-918B-373A8DDF5C65} = {22D36109-459E-4F93-A557-7B6FEEF3C110}
		{8DFA8D87-ED78-4CC8-BCC0-4F8D0660DE52} = {22D36109-459E-4F93-A557-7B6FEEF3C110}
		{AC09D9E5-7092-48BC-859F-C7D28FF75E0C} = {CF6817F9-39C7-4419-B95B-7ACF9F75573B}
		{0AB6B51C-462A-4F65-9712-084BEBA384C3} = {4D0905FF-7A9E-40D2-9531-49540C1346EF}
	EndGlobalSection
	GlobalSection(ExtensibilityGlobals) = postSolution
		SolutionGuid = {9CF52F65-07D0-4D06-B813-6177B3867551}
	EndGlobalSection
EndGlobal
